
Microsoft Visual Studio Solution File, Format Version 12.00
# Visual Studio Version 17
VisualStudioVersion = 17.12.35527.113 d17.12
MinimumVisualStudioVersion = 10.0.40219.1
Project("{9A19103F-16F7-4668-BE54-9A1E7A4F7556}") = "MatrixApplication", "MatrixApplication\MatrixApplication.csproj", "{FC416A29-C54C-488A-AA39-84B94D482FA2}"
EndProject
Global
	GlobalSection(SolutionConfigurationPlatforms) = preSolution
		Debug|Any CPU = Debug|Any CPU
		Release|Any CPU = Release|Any CPU
	EndGlobalSection
	GlobalSection(ProjectConfigurationPlatforms) = postSolution
		{FC416A29-C54C-488A-AA39-84B94D482FA2}.Debug|Any CPU.ActiveCfg = Debug|Any CPU
		{FC416A29-C54C-488A-AA39-84B94D482FA2}.Debug|Any CPU.Build.0 = Debug|Any CPU
		{FC416A29-C54C-488A-AA39-84B94D482FA2}.Release|Any CPU.ActiveCfg = Release|Any CPU
		{FC416A29-C54C-488A-AA39-84B94D482FA2}.Release|Any CPU.Build.0 = Release|Any CPU
	EndGlobalSection
	GlobalSection(SolutionProperties) = preSolution
		HideSolutionNode = FALSE
	EndGlobalSection
	GlobalSection(ExtensibilityGlobals) = postSolution
		SolutionGuid = {0140A7D1-F9E0-44D0-8EFB-B48FABE8DC5D}
	EndGlobalSection
EndGlobal
