
Microsoft Visual Studio Solution File, Format Version 12.00
# Visual Studio Version 17
VisualStudioVersion = 17.12.35527.113 d17.12
MinimumVisualStudioVersion = 10.0.40219.1
Project("{FAE04EC0-301F-11D3-BF4B-00C04F79EFBC}") = "TrapezoidMethodIntegration", "TrapezoidMethodIntegration\TrapezoidMethodIntegration.csproj", "{39A8D38D-BAE3-4D92-B90C-1EE4509D6E86}"
EndProject
Global
	GlobalSection(SolutionConfigurationPlatforms) = preSolution
		Debug|Any CPU = Debug|Any CPU
		Release|Any CPU = Release|Any CPU
	EndGlobalSection
	GlobalSection(ProjectConfigurationPlatforms) = postSolution
		{39A8D38D-BAE3-4D92-B90C-1EE4509D6E86}.Debug|Any CPU.ActiveCfg = Debug|Any CPU
		{39A8D38D-BAE3-4D92-B90C-1EE4509D6E86}.Debug|Any CPU.Build.0 = Debug|Any CPU
		{39A8D38D-BAE3-4D92-B90C-1EE4509D6E86}.Release|Any CPU.ActiveCfg = Release|Any CPU
		{39A8D38D-BAE3-4D92-B90C-1EE4509D6E86}.Release|Any CPU.Build.0 = Release|Any CPU
	EndGlobalSection
	GlobalSection(SolutionProperties) = preSolution
		HideSolutionNode = FALSE
	EndGlobalSection
	GlobalSection(ExtensibilityGlobals) = postSolution
		SolutionGuid = {5F547210-5FD7-4BDC-9FB0-E77A524A2D9C}
	EndGlobalSection
EndGlobal
